
Microsoft Visual Studio Solution File, Format Version 12.00
# Visual Studio Version 17
VisualStudioVersion = 17.8.34525.116
MinimumVisualStudioVersion = 10.0.40219.1
Project("{FAE04EC0-301F-11D3-BF4B-00C04F79EFBC}") = "Sort Characters By Frequency", "Sort Characters By Frequency.csproj", "{DADF8B3A-CEDC-4D8D-9B2D-A52BD8FA147B}"
EndProject
Global
	GlobalSection(SolutionConfigurationPlatforms) = preSolution
		Debug|Any CPU = Debug|Any CPU
		Release|Any CPU = Release|Any CPU
	EndGlobalSection
	GlobalSection(ProjectConfigurationPlatforms) = postSolution
		{DADF8B3A-CEDC-4D8D-9B2D-A52BD8FA147B}.Debug|Any CPU.ActiveCfg = Debug|Any CPU
		{DADF8B3A-CEDC-4D8D-9B2D-A52BD8FA147B}.Debug|Any CPU.Build.0 = Debug|Any CPU
		{DADF8B3A-CEDC-4D8D-9B2D-A52BD8FA147B}.Release|Any CPU.ActiveCfg = Release|Any CPU
		{DADF8B3A-CEDC-4D8D-9B2D-A52BD8FA147B}.Release|Any CPU.Build.0 = Release|Any CPU
	EndGlobalSection
	GlobalSection(SolutionProperties) = preSolution
		HideSolutionNode = FALSE
	EndGlobalSection
	GlobalSection(ExtensibilityGlobals) = postSolution
		SolutionGuid = {0AF056AF-D1F3-4371-B8E9-CEC0D4D5BEA9}
	EndGlobalSection
EndGlobal
